
Microsoft Visual Studio Solution File, Format Version 12.00
# Visual Studio 2012
Project("{FAE04EC0-301F-11D3-BF4B-00C04F79EFBC}") = "Hanlin.Common", "Hanlin.Common\Hanlin.Common.csproj", "{D00519B7-4086-48A4-844D-157BEDC5D14F}"
EndProject
Project("{FAE04EC0-301F-11D3-BF4B-00C04F79EFBC}") = "Hanlin.Common.Windows", "Hanlin.Common.Windows\Hanlin.Common.Windows.csproj", "{D8E47BE2-A20E-4DE4-BA1E-60EB46A85795}"
EndProject
Project("{FAE04EC0-301F-11D3-BF4B-00C04F79EFBC}") = "Hanlin.Tests", "Hanlin.Tests\Hanlin.Tests.csproj", "{5A0E0C2B-6552-44DC-ABCF-7D781C604020}"
EndProject
Project("{2150E333-8FDC-42A3-9474-1A3956D46DE8}") = ".nuget", ".nuget", "{4807CD0C-F033-4F02-904F-DDC777EE2091}"
	ProjectSection(SolutionItems) = preProject
		.nuget\NuGet.Config = .nuget\NuGet.Config
		.nuget\NuGet.exe = .nuget\NuGet.exe
		.nuget\NuGet.targets = .nuget\NuGet.targets
	EndProjectSection
EndProject
Project("{FAE04EC0-301F-11D3-BF4B-00C04F79EFBC}") = "Hanlin.Program", "Hanlin.Program\Hanlin.Program.csproj", "{C3166A0F-4758-43D5-B4F6-668795AB9604}"
EndProject
Project("{FAE04EC0-301F-11D3-BF4B-00C04F79EFBC}") = "Hanlin.Common.EntityFramework", "Hanlin.Common.EntityFramework\Hanlin.Common.EntityFramework.csproj", "{6F74B755-C7F3-486D-AB08-75BCF7DAC1C6}"
EndProject
Project("{FAE04EC0-301F-11D3-BF4B-00C04F79EFBC}") = "Hanlin.Common.AWS", "Hanlin.Common.AWS\Hanlin.Common.AWS.csproj", "{C75A6738-1301-4718-8F2C-39CA5C9B6427}"
EndProject
Global
	GlobalSection(SolutionConfigurationPlatforms) = preSolution
		Debug|Any CPU = Debug|Any CPU
		Release|Any CPU = Release|Any CPU
	EndGlobalSection
	GlobalSection(ProjectConfigurationPlatforms) = postSolution
		{D00519B7-4086-48A4-844D-157BEDC5D14F}.Debug|Any CPU.ActiveCfg = Debug|Any CPU
		{D00519B7-4086-48A4-844D-157BEDC5D14F}.Debug|Any CPU.Build.0 = Debug|Any CPU
		{D00519B7-4086-48A4-844D-157BEDC5D14F}.Release|Any CPU.ActiveCfg = Release|Any CPU
		{D00519B7-4086-48A4-844D-157BEDC5D14F}.Release|Any CPU.Build.0 = Release|Any CPU
		{D8E47BE2-A20E-4DE4-BA1E-60EB46A85795}.Debug|Any CPU.ActiveCfg = Debug|Any CPU
		{D8E47BE2-A20E-4DE4-BA1E-60EB46A85795}.Debug|Any CPU.Build.0 = Debug|Any CPU
		{D8E47BE2-A20E-4DE4-BA1E-60EB46A85795}.Release|Any CPU.ActiveCfg = Release|Any CPU
		{D8E47BE2-A20E-4DE4-BA1E-60EB46A85795}.Release|Any CPU.Build.0 = Release|Any CPU
		{5A0E0C2B-6552-44DC-ABCF-7D781C604020}.Debug|Any CPU.ActiveCfg = Debug|Any CPU
		{5A0E0C2B-6552-44DC-ABCF-7D781C604020}.Debug|Any CPU.Build.0 = Debug|Any CPU
		{5A0E0C2B-6552-44DC-ABCF-7D781C604020}.Release|Any CPU.ActiveCfg = Release|Any CPU
		{5A0E0C2B-6552-44DC-ABCF-7D781C604020}.Release|Any CPU.Build.0 = Release|Any CPU
		{C3166A0F-4758-43D5-B4F6-668795AB9604}.Debug|Any CPU.ActiveCfg = Debug|Any CPU
		{C3166A0F-4758-43D5-B4F6-668795AB9604}.Debug|Any CPU.Build.0 = Debug|Any CPU
		{C3166A0F-4758-43D5-B4F6-668795AB9604}.Release|Any CPU.ActiveCfg = Release|Any CPU
		{C3166A0F-4758-43D5-B4F6-668795AB9604}.Release|Any CPU.Build.0 = Release|Any CPU
		{6F74B755-C7F3-486D-AB08-75BCF7DAC1C6}.Debug|Any CPU.ActiveCfg = Debug|Any CPU
		{6F74B755-C7F3-486D-AB08-75BCF7DAC1C6}.Debug|Any CPU.Build.0 = Debug|Any CPU
		{6F74B755-C7F3-486D-AB08-75BCF7DAC1C6}.Release|Any CPU.ActiveCfg = Release|Any CPU
		{6F74B755-C7F3-486D-AB08-75BCF7DAC1C6}.Release|Any CPU.Build.0 = Release|Any CPU
		{C75A6738-1301-4718-8F2C-39CA5C9B6427}.Debug|Any CPU.ActiveCfg = Debug|Any CPU
		{C75A6738-1301-4718-8F2C-39CA5C9B6427}.Debug|Any CPU.Build.0 = Debug|Any CPU
		{C75A6738-1301-4718-8F2C-39CA5C9B6427}.Release|Any CPU.ActiveCfg = Release|Any CPU
		{C75A6738-1301-4718-8F2C-39CA5C9B6427}.Release|Any CPU.Build.0 = Release|Any CPU
	EndGlobalSection
	GlobalSection(SolutionProperties) = preSolution
		HideSolutionNode = FALSE
	EndGlobalSection
EndGlobal
