
Microsoft Visual Studio Solution File, Format Version 12.00
# Visual Studio 2012
Project("{FAE04EC0-301F-11D3-BF4B-00C04F79EFBC}") = "Hanlin.Common", "Hanlin.Common\Hanlin.Common.csproj", "{D00519B7-4086-48A4-844D-157BEDC5D14F}"
EndProject
Project("{FAE04EC0-301F-11D3-BF4B-00C04F79EFBC}") = "Hanlin.Common.Windows", "Hanlin.Common.Windows\Hanlin.Common.Windows.csproj", "{D8E47BE2-A20E-4DE4-BA1E-60EB46A85795}"
EndProject
Project("{FAE04EC0-301F-11D3-BF4B-00C04F79EFBC}") = "Hanlin.Tests", "Hanlin.Tests\Hanlin.Tests.csproj", "{5A0E0C2B-6552-44DC-ABCF-7D781C604020}"
EndProject
Global
	GlobalSection(SolutionConfigurationPlatforms) = preSolution
		Debug|Any CPU = Debug|Any CPU
		Release|Any CPU = Release|Any CPU
	EndGlobalSection
	GlobalSection(ProjectConfigurationPlatforms) = postSolution
		{D00519B7-4086-48A4-844D-157BEDC5D14F}.Debug|Any CPU.ActiveCfg = Debug|Any CPU
		{D00519B7-4086-48A4-844D-157BEDC5D14F}.Debug|Any CPU.Build.0 = Debug|Any CPU
		{D00519B7-4086-48A4-844D-157BEDC5D14F}.Release|Any CPU.ActiveCfg = Release|Any CPU
		{D00519B7-4086-48A4-844D-157BEDC5D14F}.Release|Any CPU.Build.0 = Release|Any CPU
		{D8E47BE2-A20E-4DE4-BA1E-60EB46A85795}.Debug|Any CPU.ActiveCfg = Debug|Any CPU
		{D8E47BE2-A20E-4DE4-BA1E-60EB46A85795}.Debug|Any CPU.Build.0 = Debug|Any CPU
		{D8E47BE2-A20E-4DE4-BA1E-60EB46A85795}.Release|Any CPU.ActiveCfg = Release|Any CPU
		{D8E47BE2-A20E-4DE4-BA1E-60EB46A85795}.Release|Any CPU.Build.0 = Release|Any CPU
		{5A0E0C2B-6552-44DC-ABCF-7D781C604020}.Debug|Any CPU.ActiveCfg = Debug|Any CPU
		{5A0E0C2B-6552-44DC-ABCF-7D781C604020}.Debug|Any CPU.Build.0 = Debug|Any CPU
		{5A0E0C2B-6552-44DC-ABCF-7D781C604020}.Release|Any CPU.ActiveCfg = Release|Any CPU
		{5A0E0C2B-6552-44DC-ABCF-7D781C604020}.Release|Any CPU.Build.0 = Release|Any CPU
	EndGlobalSection
	GlobalSection(SolutionProperties) = preSolution
		HideSolutionNode = FALSE
	EndGlobalSection
EndGlobal
